
Microsoft Visual Studio Solution File, Format Version 12.00
# Visual Studio Version 17
VisualStudioVersion = 17.9.34728.123
MinimumVisualStudioVersion = 10.0.40219.1
Project("{FAE04EC0-301F-11D3-BF4B-00C04F79EFBC}") = "mediaalunoexecoes", "mediaalunoexecoes\mediaalunoexecoes.csproj", "{DAB39DA3-FE9B-43D3-BD6F-E01881D3E300}"
EndProject
Global
	GlobalSection(SolutionConfigurationPlatforms) = preSolution
		Debug|Any CPU = Debug|Any CPU
		Release|Any CPU = Release|Any CPU
	EndGlobalSection
	GlobalSection(ProjectConfigurationPlatforms) = postSolution
		{DAB39DA3-FE9B-43D3-BD6F-E01881D3E300}.Debug|Any CPU.ActiveCfg = Debug|Any CPU
		{DAB39DA3-FE9B-43D3-BD6F-E01881D3E300}.Debug|Any CPU.Build.0 = Debug|Any CPU
		{DAB39DA3-FE9B-43D3-BD6F-E01881D3E300}.Release|Any CPU.ActiveCfg = Release|Any CPU
		{DAB39DA3-FE9B-43D3-BD6F-E01881D3E300}.Release|Any CPU.Build.0 = Release|Any CPU
	EndGlobalSection
	GlobalSection(SolutionProperties) = preSolution
		HideSolutionNode = FALSE
	EndGlobalSection
	GlobalSection(ExtensibilityGlobals) = postSolution
		SolutionGuid = {6C55859F-C559-400F-ACCA-B53D911B8945}
	EndGlobalSection
EndGlobal
